
Microsoft Visual Studio Solution File, Format Version 12.00
# Visual Studio Version 17
VisualStudioVersion = 17.7.34202.233
MinimumVisualStudioVersion = 10.0.40219.1
Project("{9A19103F-16F7-4668-BE54-9A1E7A4F7556}") = "UniversityApp", "UniversityApp\UniversityApp.csproj", "{245DE6EE-4623-45A2-86DA-5062575C39A4}"
EndProject
Global
	GlobalSection(SolutionConfigurationPlatforms) = preSolution
		Debug|Any CPU = Debug|Any CPU
		Release|Any CPU = Release|Any CPU
	EndGlobalSection
	GlobalSection(ProjectConfigurationPlatforms) = postSolution
		{245DE6EE-4623-45A2-86DA-5062575C39A4}.Debug|Any CPU.ActiveCfg = Debug|Any CPU
		{245DE6EE-4623-45A2-86DA-5062575C39A4}.Debug|Any CPU.Build.0 = Debug|Any CPU
		{245DE6EE-4623-45A2-86DA-5062575C39A4}.Release|Any CPU.ActiveCfg = Release|Any CPU
		{245DE6EE-4623-45A2-86DA-5062575C39A4}.Release|Any CPU.Build.0 = Release|Any CPU
	EndGlobalSection
	GlobalSection(SolutionProperties) = preSolution
		HideSolutionNode = FALSE
	EndGlobalSection
	GlobalSection(ExtensibilityGlobals) = postSolution
		SolutionGuid = {D84FE52C-8B14-4BFF-B392-B1AF0C32E965}
	EndGlobalSection
EndGlobal
